
Microsoft Visual Studio Solution File, Format Version 12.00
# Visual Studio Version 16
VisualStudioVersion = 16.0.31402.337
MinimumVisualStudioVersion = 10.0.40219.1
Project("{FAE04EC0-301F-11D3-BF4B-00C04F79EFBC}") = "Chess", "Chess\Chess.csproj", "{A5511E97-8523-418F-ACED-B27E7C975607}"
EndProject
Project("{FAE04EC0-301F-11D3-BF4B-00C04F79EFBC}") = "UnitTests", "UnitTests\UnitTests.csproj", "{A28C18E6-FD78-4CE5-80C2-3E02DC8449FA}"
EndProject
Global
	GlobalSection(SolutionConfigurationPlatforms) = preSolution
		Debug|Any CPU = Debug|Any CPU
		Release|Any CPU = Release|Any CPU
	EndGlobalSection
	GlobalSection(ProjectConfigurationPlatforms) = postSolution
		{A5511E97-8523-418F-ACED-B27E7C975607}.Debug|Any CPU.ActiveCfg = Debug|Any CPU
		{A5511E97-8523-418F-ACED-B27E7C975607}.Debug|Any CPU.Build.0 = Debug|Any CPU
		{A5511E97-8523-418F-ACED-B27E7C975607}.Release|Any CPU.ActiveCfg = Release|Any CPU
		{A5511E97-8523-418F-ACED-B27E7C975607}.Release|Any CPU.Build.0 = Release|Any CPU
		{A28C18E6-FD78-4CE5-80C2-3E02DC8449FA}.Debug|Any CPU.ActiveCfg = Debug|Any CPU
		{A28C18E6-FD78-4CE5-80C2-3E02DC8449FA}.Debug|Any CPU.Build.0 = Debug|Any CPU
		{A28C18E6-FD78-4CE5-80C2-3E02DC8449FA}.Release|Any CPU.ActiveCfg = Release|Any CPU
		{A28C18E6-FD78-4CE5-80C2-3E02DC8449FA}.Release|Any CPU.Build.0 = Release|Any CPU
	EndGlobalSection
	GlobalSection(SolutionProperties) = preSolution
		HideSolutionNode = FALSE
	EndGlobalSection
	GlobalSection(ExtensibilityGlobals) = postSolution
		SolutionGuid = {C79F4D92-A60A-4DC4-8955-CD8351088DF1}
	EndGlobalSection
EndGlobal
